// !$*UTF8*$!
{
	archiveVersion = 1;
	classes = {
	};
	objectVersion = 50;
	objects = {

/* Begin PBXBuildFile section */
		7032945820747D00003E9F6A /* Notes.xcdatamodeld in Sources */ = {isa = PBXBuildFile; fileRef = 7032945320747B0A003E9F6A /* Notes.xcdatamodeld */; };
		7032945B2075B212003E9F6A /* AddNoteViewController.swift in Sources */ = {isa = PBXBuildFile; fileRef = 7032945A2075B212003E9F6A /* AddNoteViewController.swift */; };
		7032945E2075C90B003E9F6A /* UIViewController.swift in Sources */ = {isa = PBXBuildFile; fileRef = 7032945D2075C90B003E9F6A /* UIViewController.swift */; };
		70662C6A207605F700521B99 /* NoteTableViewCell.swift in Sources */ = {isa = PBXBuildFile; fileRef = 70662C69207605F700521B99 /* NoteTableViewCell.swift */; };
		70662C6D2076115600521B99 /* Note.swift in Sources */ = {isa = PBXBuildFile; fileRef = 70662C6C2076115600521B99 /* Note.swift */; };
		70662C702077681900521B99 /* NoteViewController.swift in Sources */ = {isa = PBXBuildFile; fileRef = 70662C6F2077681900521B99 /* NoteViewController.swift */; };
		70662C72207B551900521B99 /* Categories.storyboard in Resources */ = {isa = PBXBuildFile; fileRef = 70662C71207B551900521B99 /* Categories.storyboard */; };
		70662C77207B5A3A00521B99 /* CategoriesViewController.swift in Sources */ = {isa = PBXBuildFile; fileRef = 70662C76207B5A3A00521B99 /* CategoriesViewController.swift */; };
		70662C7A207B5E1A00521B99 /* CategoryViewController.swift in Sources */ = {isa = PBXBuildFile; fileRef = 70662C79207B5E1A00521B99 /* CategoryViewController.swift */; };
		70662C7D207B6E8300521B99 /* AddCategoryViewController.swift in Sources */ = {isa = PBXBuildFile; fileRef = 70662C7C207B6E8300521B99 /* AddCategoryViewController.swift */; };
		70762C06207BB25100D073ED /* UIColor.swift in Sources */ = {isa = PBXBuildFile; fileRef = 70762C05207BB25100D073ED /* UIColor.swift */; };
		70935AC32073866800C05F67 /* AppDelegate.swift in Sources */ = {isa = PBXBuildFile; fileRef = 70935AC22073866800C05F67 /* AppDelegate.swift */; };
		70935AC52073866800C05F67 /* NotesViewController.swift in Sources */ = {isa = PBXBuildFile; fileRef = 70935AC42073866800C05F67 /* NotesViewController.swift */; };
		70935AC82073866800C05F67 /* Notes.storyboard in Resources */ = {isa = PBXBuildFile; fileRef = 70935AC62073866800C05F67 /* Notes.storyboard */; };
		70935ACA2073866A00C05F67 /* Assets.xcassets in Resources */ = {isa = PBXBuildFile; fileRef = 70935AC92073866A00C05F67 /* Assets.xcassets */; };
		70935ACD2073866A00C05F67 /* LaunchScreen.storyboard in Resources */ = {isa = PBXBuildFile; fileRef = 70935ACB2073866A00C05F67 /* LaunchScreen.storyboard */; };
		70935ADA2073875D00C05F67 /* CoreDataManager.swift in Sources */ = {isa = PBXBuildFile; fileRef = 70935AD92073875D00C05F67 /* CoreDataManager.swift */; };
		70B68700207D0DF50086B15B /* ColorViewController.swift in Sources */ = {isa = PBXBuildFile; fileRef = 70B686FF207D0DF50086B15B /* ColorViewController.swift */; };
		70B6870F207E69BE0086B15B /* Category.swift in Sources */ = {isa = PBXBuildFile; fileRef = 70B6870E207E69BE0086B15B /* Category.swift */; };
		70B68711207F5AF50086B15B /* Tags.storyboard in Resources */ = {isa = PBXBuildFile; fileRef = 70B68710207F5AF50086B15B /* Tags.storyboard */; };
		70B68713207F5E590086B15B /* TagsViewController.swift in Sources */ = {isa = PBXBuildFile; fileRef = 70B68712207F5E590086B15B /* TagsViewController.swift */; };
		70B68715207F60130086B15B /* TagViewController.swift in Sources */ = {isa = PBXBuildFile; fileRef = 70B68714207F60130086B15B /* TagViewController.swift */; };
		70B68717207F60CB0086B15B /* AddTagViewController.swift in Sources */ = {isa = PBXBuildFile; fileRef = 70B68716207F60CB0086B15B /* AddTagViewController.swift */; };
		70EEB4A3209C45A90008CA28 /* Setting.storyboard in Resources */ = {isa = PBXBuildFile; fileRef = 70EEB4A2209C45A90008CA28 /* Setting.storyboard */; };
		70EEB4A6209C467B0008CA28 /* SettingViewController.swift in Sources */ = {isa = PBXBuildFile; fileRef = 70EEB4A5209C467B0008CA28 /* SettingViewController.swift */; };
/* End PBXBuildFile section */

/* Begin PBXFileReference section */
		7032945420747B0A003E9F6A /* Notes.xcdatamodel */ = {isa = PBXFileReference; lastKnownFileType = wrapper.xcdatamodel; path = Notes.xcdatamodel; sourceTree = "<group>"; };
		7032945A2075B212003E9F6A /* AddNoteViewController.swift */ = {isa = PBXFileReference; lastKnownFileType = sourcecode.swift; path = AddNoteViewController.swift; sourceTree = "<group>"; };
		7032945D2075C90B003E9F6A /* UIViewController.swift */ = {isa = PBXFileReference; lastKnownFileType = sourcecode.swift; path = UIViewController.swift; sourceTree = "<group>"; };
		70662C69207605F700521B99 /* NoteTableViewCell.swift */ = {isa = PBXFileReference; lastKnownFileType = sourcecode.swift; path = NoteTableViewCell.swift; sourceTree = "<group>"; };
		70662C6C2076115600521B99 /* Note.swift */ = {isa = PBXFileReference; lastKnownFileType = sourcecode.swift; path = Note.swift; sourceTree = "<group>"; };
		70662C6F2077681900521B99 /* NoteViewController.swift */ = {isa = PBXFileReference; lastKnownFileType = sourcecode.swift; path = NoteViewController.swift; sourceTree = "<group>"; };
		70662C71207B551900521B99 /* Categories.storyboard */ = {isa = PBXFileReference; lastKnownFileType = file.storyboard; path = Categories.storyboard; sourceTree = "<group>"; };
		70662C76207B5A3A00521B99 /* CategoriesViewController.swift */ = {isa = PBXFileReference; lastKnownFileType = sourcecode.swift; path = CategoriesViewController.swift; sourceTree = "<group>"; };
		70662C79207B5E1A00521B99 /* CategoryViewController.swift */ = {isa = PBXFileReference; lastKnownFileType = sourcecode.swift; path = CategoryViewController.swift; sourceTree = "<group>"; };
		70662C7C207B6E8300521B99 /* AddCategoryViewController.swift */ = {isa = PBXFileReference; lastKnownFileType = sourcecode.swift; path = AddCategoryViewController.swift; sourceTree = "<group>"; };
		70762C05207BB25100D073ED /* UIColor.swift */ = {isa = PBXFileReference; lastKnownFileType = sourcecode.swift; path = UIColor.swift; sourceTree = "<group>"; };
		70935ABF2073866800C05F67 /* Notes.app */ = {isa = PBXFileReference; explicitFileType = wrapper.application; includeInIndex = 0; path = Notes.app; sourceTree = BUILT_PRODUCTS_DIR; };
		70935AC22073866800C05F67 /* AppDelegate.swift */ = {isa = PBXFileReference; lastKnownFileType = sourcecode.swift; path = AppDelegate.swift; sourceTree = "<group>"; };
		70935AC42073866800C05F67 /* NotesViewController.swift */ = {isa = PBXFileReference; lastKnownFileType = sourcecode.swift; path = NotesViewController.swift; sourceTree = "<group>"; };
		70935AC72073866800C05F67 /* Base */ = {isa = PBXFileReference; lastKnownFileType = file.storyboard; name = Base; path = Base.lproj/Notes.storyboard; sourceTree = "<group>"; };
		70935AC92073866A00C05F67 /* Assets.xcassets */ = {isa = PBXFileReference; lastKnownFileType = folder.assetcatalog; path = Assets.xcassets; sourceTree = "<group>"; };
		70935ACC2073866A00C05F67 /* Base */ = {isa = PBXFileReference; lastKnownFileType = file.storyboard; name = Base; path = Base.lproj/LaunchScreen.storyboard; sourceTree = "<group>"; };
		70935ACE2073866A00C05F67 /* Info.plist */ = {isa = PBXFileReference; lastKnownFileType = text.plist.xml; path = Info.plist; sourceTree = "<group>"; };
		70935AD92073875D00C05F67 /* CoreDataManager.swift */ = {isa = PBXFileReference; lastKnownFileType = sourcecode.swift; path = CoreDataManager.swift; sourceTree = "<group>"; };
		70B686FF207D0DF50086B15B /* ColorViewController.swift */ = {isa = PBXFileReference; lastKnownFileType = sourcecode.swift; path = ColorViewController.swift; sourceTree = "<group>"; };
		70B68709207DF4A60086B15B /* Notes 2.xcdatamodel */ = {isa = PBXFileReference; lastKnownFileType = wrapper.xcdatamodel; path = "Notes 2.xcdatamodel"; sourceTree = "<group>"; };
		70B6870E207E69BE0086B15B /* Category.swift */ = {isa = PBXFileReference; lastKnownFileType = sourcecode.swift; path = Category.swift; sourceTree = "<group>"; };
		70B68710207F5AF50086B15B /* Tags.storyboard */ = {isa = PBXFileReference; lastKnownFileType = file.storyboard; path = Tags.storyboard; sourceTree = "<group>"; };
		70B68712207F5E590086B15B /* TagsViewController.swift */ = {isa = PBXFileReference; lastKnownFileType = sourcecode.swift; path = TagsViewController.swift; sourceTree = "<group>"; };
		70B68714207F60130086B15B /* TagViewController.swift */ = {isa = PBXFileReference; lastKnownFileType = sourcecode.swift; path = TagViewController.swift; sourceTree = "<group>"; };
		70B68716207F60CB0086B15B /* AddTagViewController.swift */ = {isa = PBXFileReference; lastKnownFileType = sourcecode.swift; path = AddTagViewController.swift; sourceTree = "<group>"; };
		70EEB4A2209C45A90008CA28 /* Setting.storyboard */ = {isa = PBXFileReference; lastKnownFileType = file.storyboard; path = Setting.storyboard; sourceTree = "<group>"; };
		70EEB4A5209C467B0008CA28 /* SettingViewController.swift */ = {isa = PBXFileReference; lastKnownFileType = sourcecode.swift; path = SettingViewController.swift; sourceTree = "<group>"; };
/* End PBXFileReference section */

/* Begin PBXFrameworksBuildPhase section */
		70935ABC2073866800C05F67 /* Frameworks */ = {
			isa = PBXFrameworksBuildPhase;
			buildActionMask = 2147483647;
			files = (
			);
			runOnlyForDeploymentPostprocessing = 0;
		};
/* End PBXFrameworksBuildPhase section */

/* Begin PBXGroup section */
		7032945220747AB2003E9F6A /* Core Data */ = {
			isa = PBXGroup;
			children = (
				7032945320747B0A003E9F6A /* Notes.xcdatamodeld */,
				70662C6B2076113700521B99 /* Extensions */,
			);
			path = "Core Data";
			sourceTree = "<group>";
		};
		703294592075B1EC003E9F6A /* Add Note View Controller */ = {
			isa = PBXGroup;
			children = (
				7032945A2075B212003E9F6A /* AddNoteViewController.swift */,
			);
			path = "Add Note View Controller";
			sourceTree = "<group>";
		};
		7032945C2075C8EB003E9F6A /* Extensions */ = {
			isa = PBXGroup;
			children = (
				7032945D2075C90B003E9F6A /* UIViewController.swift */,
				70762C05207BB25100D073ED /* UIColor.swift */,
			);
			path = Extensions;
			sourceTree = "<group>";
		};
		70662C68207605D400521B99 /* Table View Cells */ = {
			isa = PBXGroup;
			children = (
				70662C69207605F700521B99 /* NoteTableViewCell.swift */,
			);
			path = "Table View Cells";
			sourceTree = "<group>";
		};
		70662C6B2076113700521B99 /* Extensions */ = {
			isa = PBXGroup;
			children = (
				70662C6C2076115600521B99 /* Note.swift */,
				70B6870E207E69BE0086B15B /* Category.swift */,
			);
			path = Extensions;
			sourceTree = "<group>";
		};
		70662C6E207767E200521B99 /* Note View Controller */ = {
			isa = PBXGroup;
			children = (
				70662C6F2077681900521B99 /* NoteViewController.swift */,
			);
			path = "Note View Controller";
			sourceTree = "<group>";
		};
		70662C73207B597800521B99 /* Notes */ = {
			isa = PBXGroup;
			children = (
				70935AD72073870100C05F67 /* Notes View Controller */,
				70662C6E207767E200521B99 /* Note View Controller */,
				703294592075B1EC003E9F6A /* Add Note View Controller */,
			);
			path = Notes;
			sourceTree = "<group>";
		};
		70662C74207B599100521B99 /* Categories */ = {
			isa = PBXGroup;
			children = (
				70662C75207B59FC00521B99 /* Categories View Controller */,
				70662C78207B5DEA00521B99 /* Category View Controller */,
				70662C7B207B6E5000521B99 /* Add Category View Controller */,
			);
			path = Categories;
			sourceTree = "<group>";
		};
		70662C75207B59FC00521B99 /* Categories View Controller */ = {
			isa = PBXGroup;
			children = (
				70662C76207B5A3A00521B99 /* CategoriesViewController.swift */,
			);
			path = "Categories View Controller";
			sourceTree = "<group>";
		};
		70662C78207B5DEA00521B99 /* Category View Controller */ = {
			isa = PBXGroup;
			children = (
				70662C79207B5E1A00521B99 /* CategoryViewController.swift */,
				70B686FE207D0DDB0086B15B /* Color View Controller */,
			);
			path = "Category View Controller";
			sourceTree = "<group>";
		};
		70662C7B207B6E5000521B99 /* Add Category View Controller */ = {
			isa = PBXGroup;
			children = (
				70662C7C207B6E8300521B99 /* AddCategoryViewController.swift */,
			);
			path = "Add Category View Controller";
			sourceTree = "<group>";
		};
		70935AB62073866800C05F67 = {
			isa = PBXGroup;
			children = (
				70935AC12073866800C05F67 /* Notes */,
				70935AC02073866800C05F67 /* Products */,
			);
			sourceTree = "<group>";
		};
		70935AC02073866800C05F67 /* Products */ = {
			isa = PBXGroup;
			children = (
				70935ABF2073866800C05F67 /* Notes.app */,
			);
			name = Products;
			sourceTree = "<group>";
		};
		70935AC12073866800C05F67 /* Notes */ = {
			isa = PBXGroup;
			children = (
				70935AD6207386EC00C05F67 /* Application Delegate */,
				70935AD4207386C000C05F67 /* View Controllers */,
				7032945C2075C8EB003E9F6A /* Extensions */,
				7032945220747AB2003E9F6A /* Core Data */,
				70935AD82073872E00C05F67 /* Managers */,
				70935AD5207386D400C05F67 /* Storyboards */,
				70935AC92073866A00C05F67 /* Assets.xcassets */,
				70935ACE2073866A00C05F67 /* Info.plist */,
			);
			path = Notes;
			sourceTree = "<group>";
		};
		70935AD4207386C000C05F67 /* View Controllers */ = {
			isa = PBXGroup;
			children = (
				70EEB4A4209C45F80008CA28 /* Setting */,
				70B6870A207E03D80086B15B /* Tags */,
				70662C74207B599100521B99 /* Categories */,
				70662C73207B597800521B99 /* Notes */,
			);
			path = "View Controllers";
			sourceTree = "<group>";
		};
		70935AD5207386D400C05F67 /* Storyboards */ = {
			isa = PBXGroup;
			children = (
				70935AC62073866800C05F67 /* Notes.storyboard */,
				70662C71207B551900521B99 /* Categories.storyboard */,
				70935ACB2073866A00C05F67 /* LaunchScreen.storyboard */,
				70B68710207F5AF50086B15B /* Tags.storyboard */,
				70EEB4A2209C45A90008CA28 /* Setting.storyboard */,
			);
			path = Storyboards;
			sourceTree = "<group>";
		};
		70935AD6207386EC00C05F67 /* Application Delegate */ = {
			isa = PBXGroup;
			children = (
				70935AC22073866800C05F67 /* AppDelegate.swift */,
			);
			path = "Application Delegate";
			sourceTree = "<group>";
		};
		70935AD72073870100C05F67 /* Notes View Controller */ = {
			isa = PBXGroup;
			children = (
				70935AC42073866800C05F67 /* NotesViewController.swift */,
				70662C68207605D400521B99 /* Table View Cells */,
			);
			path = "Notes View Controller";
			sourceTree = "<group>";
		};
		70935AD82073872E00C05F67 /* Managers */ = {
			isa = PBXGroup;
			children = (
				70935AD92073875D00C05F67 /* CoreDataManager.swift */,
			);
			path = Managers;
			sourceTree = "<group>";
		};
		70B686FE207D0DDB0086B15B /* Color View Controller */ = {
			isa = PBXGroup;
			children = (
				70B686FF207D0DF50086B15B /* ColorViewController.swift */,
			);
			path = "Color View Controller";
			sourceTree = "<group>";
		};
		70B6870A207E03D80086B15B /* Tags */ = {
			isa = PBXGroup;
			children = (
				70B6870B207E03F20086B15B /* Tag View Controller */,
				70B6870C207E03FF0086B15B /* Tags View Controller */,
				70B6870D207E04150086B15B /* Add Tag View Controller */,
			);
			path = Tags;
			sourceTree = "<group>";
		};
		70B6870B207E03F20086B15B /* Tag View Controller */ = {
			isa = PBXGroup;
			children = (
				70B68714207F60130086B15B /* TagViewController.swift */,
			);
			path = "Tag View Controller";
			sourceTree = "<group>";
		};
		70B6870C207E03FF0086B15B /* Tags View Controller */ = {
			isa = PBXGroup;
			children = (
				70B68712207F5E590086B15B /* TagsViewController.swift */,
			);
			path = "Tags View Controller";
			sourceTree = "<group>";
		};
		70B6870D207E04150086B15B /* Add Tag View Controller */ = {
			isa = PBXGroup;
			children = (
				70B68716207F60CB0086B15B /* AddTagViewController.swift */,
			);
			path = "Add Tag View Controller";
			sourceTree = "<group>";
		};
		70EEB4A4209C45F80008CA28 /* Setting */ = {
			isa = PBXGroup;
			children = (
				70EEB4A5209C467B0008CA28 /* SettingViewController.swift */,
			);
			path = Setting;
			sourceTree = "<group>";
		};
/* End PBXGroup section */

/* Begin PBXNativeTarget section */
		70935ABE2073866800C05F67 /* Notes */ = {
			isa = PBXNativeTarget;
			buildConfigurationList = 70935AD12073866A00C05F67 /* Build configuration list for PBXNativeTarget "Notes" */;
			buildPhases = (
				70935ABB2073866800C05F67 /* Sources */,
				70935ABC2073866800C05F67 /* Frameworks */,
				70935ABD2073866800C05F67 /* Resources */,
			);
			buildRules = (
			);
			dependencies = (
			);
			name = Notes;
			productName = Notes;
			productReference = 70935ABF2073866800C05F67 /* Notes.app */;
			productType = "com.apple.product-type.application";
		};
/* End PBXNativeTarget section */

/* Begin PBXProject section */
		70935AB72073866800C05F67 /* Project object */ = {
			isa = PBXProject;
			attributes = {
				LastSwiftUpdateCheck = 0930;
				LastUpgradeCheck = 0930;
				ORGANIZATIONNAME = PinguMac;
				TargetAttributes = {
					70935ABE2073866800C05F67 = {
						CreatedOnToolsVersion = 9.3;
					};
				};
			};
			buildConfigurationList = 70935ABA2073866800C05F67 /* Build configuration list for PBXProject "Notes" */;
			compatibilityVersion = "Xcode 9.3";
			developmentRegion = en;
			hasScannedForEncodings = 0;
			knownRegions = (
				en,
				Base,
			);
			mainGroup = 70935AB62073866800C05F67;
			productRefGroup = 70935AC02073866800C05F67 /* Products */;
			projectDirPath = "";
			projectRoot = "";
			targets = (
				70935ABE2073866800C05F67 /* Notes */,
			);
		};
/* End PBXProject section */

/* Begin PBXResourcesBuildPhase section */
		70935ABD2073866800C05F67 /* Resources */ = {
			isa = PBXResourcesBuildPhase;
			buildActionMask = 2147483647;
			files = (
				70935ACD2073866A00C05F67 /* LaunchScreen.storyboard in Resources */,
				70B68711207F5AF50086B15B /* Tags.storyboard in Resources */,
				70935ACA2073866A00C05F67 /* Assets.xcassets in Resources */,
				70662C72207B551900521B99 /* Categories.storyboard in Resources */,
				70935AC82073866800C05F67 /* Notes.storyboard in Resources */,
				70EEB4A3209C45A90008CA28 /* Setting.storyboard in Resources */,
			);
			runOnlyForDeploymentPostprocessing = 0;
		};
/* End PBXResourcesBuildPhase section */

/* Begin PBXSourcesBuildPhase section */
		70935ABB2073866800C05F67 /* Sources */ = {
			isa = PBXSourcesBuildPhase;
			buildActionMask = 2147483647;
			files = (
				70935ADA2073875D00C05F67 /* CoreDataManager.swift in Sources */,
				70B68713207F5E590086B15B /* TagsViewController.swift in Sources */,
				70935AC52073866800C05F67 /* NotesViewController.swift in Sources */,
				70B68715207F60130086B15B /* TagViewController.swift in Sources */,
				7032945E2075C90B003E9F6A /* UIViewController.swift in Sources */,
				70B68717207F60CB0086B15B /* AddTagViewController.swift in Sources */,
				70662C6D2076115600521B99 /* Note.swift in Sources */,
				70B68700207D0DF50086B15B /* ColorViewController.swift in Sources */,
				70662C77207B5A3A00521B99 /* CategoriesViewController.swift in Sources */,
				70662C702077681900521B99 /* NoteViewController.swift in Sources */,
				70935AC32073866800C05F67 /* AppDelegate.swift in Sources */,
				7032945B2075B212003E9F6A /* AddNoteViewController.swift in Sources */,
				70662C7D207B6E8300521B99 /* AddCategoryViewController.swift in Sources */,
				70762C06207BB25100D073ED /* UIColor.swift in Sources */,
				70B6870F207E69BE0086B15B /* Category.swift in Sources */,
				70662C6A207605F700521B99 /* NoteTableViewCell.swift in Sources */,
				70EEB4A6209C467B0008CA28 /* SettingViewController.swift in Sources */,
				70662C7A207B5E1A00521B99 /* CategoryViewController.swift in Sources */,
				7032945820747D00003E9F6A /* Notes.xcdatamodeld in Sources */,
			);
			runOnlyForDeploymentPostprocessing = 0;
		};
/* End PBXSourcesBuildPhase section */

/* Begin PBXVariantGroup section */
		70935AC62073866800C05F67 /* Notes.storyboard */ = {
			isa = PBXVariantGroup;
			children = (
				70935AC72073866800C05F67 /* Base */,
			);
			name = Notes.storyboard;
			sourceTree = "<group>";
		};
		70935ACB2073866A00C05F67 /* LaunchScreen.storyboard */ = {
			isa = PBXVariantGroup;
			children = (
				70935ACC2073866A00C05F67 /* Base */,
			);
			name = LaunchScreen.storyboard;
			sourceTree = "<group>";
		};
/* End PBXVariantGroup section */

/* Begin XCBuildConfiguration section */
		70935ACF2073866A00C05F67 /* Debug */ = {
			isa = XCBuildConfiguration;
			buildSettings = {
				ALWAYS_SEARCH_USER_PATHS = NO;
				CLANG_ANALYZER_NONNULL = YES;
				CLANG_ANALYZER_NUMBER_OBJECT_CONVERSION = YES_AGGRESSIVE;
				CLANG_CXX_LANGUAGE_STANDARD = "gnu++14";
				CLANG_CXX_LIBRARY = "libc++";
				CLANG_ENABLE_MODULES = YES;
				CLANG_ENABLE_OBJC_ARC = YES;
				CLANG_ENABLE_OBJC_WEAK = YES;
				CLANG_WARN_BLOCK_CAPTURE_AUTORELEASING = YES;
				CLANG_WARN_BOOL_CONVERSION = YES;
				CLANG_WARN_COMMA = YES;
				CLANG_WARN_CONSTANT_CONVERSION = YES;
				CLANG_WARN_DEPRECATED_OBJC_IMPLEMENTATIONS = YES;
				CLANG_WARN_DIRECT_OBJC_ISA_USAGE = YES_ERROR;
				CLANG_WARN_DOCUMENTATION_COMMENTS = YES;
				CLANG_WARN_EMPTY_BODY = YES;
				CLANG_WARN_ENUM_CONVERSION = YES;
				CLANG_WARN_INFINITE_RECURSION = YES;
				CLANG_WARN_INT_CONVERSION = YES;
				CLANG_WARN_NON_LITERAL_NULL_CONVERSION = YES;
				CLANG_WARN_OBJC_IMPLICIT_RETAIN_SELF = YES;
				CLANG_WARN_OBJC_LITERAL_CONVERSION = YES;
				CLANG_WARN_OBJC_ROOT_CLASS = YES_ERROR;
				CLANG_WARN_RANGE_LOOP_ANALYSIS = YES;
				CLANG_WARN_STRICT_PROTOTYPES = YES;
				CLANG_WARN_SUSPICIOUS_MOVE = YES;
				CLANG_WARN_UNGUARDED_AVAILABILITY = YES_AGGRESSIVE;
				CLANG_WARN_UNREACHABLE_CODE = YES;
				CLANG_WARN__DUPLICATE_METHOD_MATCH = YES;
				CODE_SIGN_IDENTITY = "iPhone Developer";
				COPY_PHASE_STRIP = NO;
				DEBUG_INFORMATION_FORMAT = dwarf;
				ENABLE_STRICT_OBJC_MSGSEND = YES;
				ENABLE_TESTABILITY = YES;
				GCC_C_LANGUAGE_STANDARD = gnu11;
				GCC_DYNAMIC_NO_PIC = NO;
				GCC_NO_COMMON_BLOCKS = YES;
				GCC_OPTIMIZATION_LEVEL = 0;
				GCC_PREPROCESSOR_DEFINITIONS = (
					"DEBUG=1",
					"$(inherited)",
				);
				GCC_WARN_64_TO_32_BIT_CONVERSION = YES;
				GCC_WARN_ABOUT_RETURN_TYPE = YES_ERROR;
				GCC_WARN_UNDECLARED_SELECTOR = YES;
				GCC_WARN_UNINITIALIZED_AUTOS = YES_AGGRESSIVE;
				GCC_WARN_UNUSED_FUNCTION = YES;
				GCC_WARN_UNUSED_VARIABLE = YES;
				IPHONEOS_DEPLOYMENT_TARGET = 11.3;
				MTL_ENABLE_DEBUG_INFO = YES;
				ONLY_ACTIVE_ARCH = YES;
				SDKROOT = iphoneos;
				SWIFT_ACTIVE_COMPILATION_CONDITIONS = DEBUG;
				SWIFT_OPTIMIZATION_LEVEL = "-Onone";
			};
			name = Debug;
		};
		70935AD02073866A00C05F67 /* Release */ = {
			isa = XCBuildConfiguration;
			buildSettings = {
				ALWAYS_SEARCH_USER_PATHS = NO;
				CLANG_ANALYZER_NONNULL = YES;
				CLANG_ANALYZER_NUMBER_OBJECT_CONVERSION = YES_AGGRESSIVE;
				CLANG_CXX_LANGUAGE_STANDARD = "gnu++14";
				CLANG_CXX_LIBRARY = "libc++";
				CLANG_ENABLE_MODULES = YES;
				CLANG_ENABLE_OBJC_ARC = YES;
				CLANG_ENABLE_OBJC_WEAK = YES;
				CLANG_WARN_BLOCK_CAPTURE_AUTORELEASING = YES;
				CLANG_WARN_BOOL_CONVERSION = YES;
				CLANG_WARN_COMMA = YES;
				CLANG_WARN_CONSTANT_CONVERSION = YES;
				CLANG_WARN_DEPRECATED_OBJC_IMPLEMENTATIONS = YES;
				CLANG_WARN_DIRECT_OBJC_ISA_USAGE = YES_ERROR;
				CLANG_WARN_DOCUMENTATION_COMMENTS = YES;
				CLANG_WARN_EMPTY_BODY = YES;
				CLANG_WARN_ENUM_CONVERSION = YES;
				CLANG_WARN_INFINITE_RECURSION = YES;
				CLANG_WARN_INT_CONVERSION = YES;
				CLANG_WARN_NON_LITERAL_NULL_CONVERSION = YES;
				CLANG_WARN_OBJC_IMPLICIT_RETAIN_SELF = YES;
				CLANG_WARN_OBJC_LITERAL_CONVERSION = YES;
				CLANG_WARN_OBJC_ROOT_CLASS = YES_ERROR;
				CLANG_WARN_RANGE_LOOP_ANALYSIS = YES;
				CLANG_WARN_STRICT_PROTOTYPES = YES;
				CLANG_WARN_SUSPICIOUS_MOVE = YES;
				CLANG_WARN_UNGUARDED_AVAILABILITY = YES_AGGRESSIVE;
				CLANG_WARN_UNREACHABLE_CODE = YES;
				CLANG_WARN__DUPLICATE_METHOD_MATCH = YES;
				CODE_SIGN_IDENTITY = "iPhone Developer";
				COPY_PHASE_STRIP = NO;
				DEBUG_INFORMATION_FORMAT = "dwarf-with-dsym";
				ENABLE_NS_ASSERTIONS = NO;
				ENABLE_STRICT_OBJC_MSGSEND = YES;
				GCC_C_LANGUAGE_STANDARD = gnu11;
				GCC_NO_COMMON_BLOCKS = YES;
				GCC_WARN_64_TO_32_BIT_CONVERSION = YES;
				GCC_WARN_ABOUT_RETURN_TYPE = YES_ERROR;
				GCC_WARN_UNDECLARED_SELECTOR = YES;
				GCC_WARN_UNINITIALIZED_AUTOS = YES_AGGRESSIVE;
				GCC_WARN_UNUSED_FUNCTION = YES;
				GCC_WARN_UNUSED_VARIABLE = YES;
				IPHONEOS_DEPLOYMENT_TARGET = 11.3;
				MTL_ENABLE_DEBUG_INFO = NO;
				SDKROOT = iphoneos;
				SWIFT_COMPILATION_MODE = wholemodule;
				SWIFT_OPTIMIZATION_LEVEL = "-O";
				VALIDATE_PRODUCT = YES;
			};
			name = Release;
		};
		70935AD22073866A00C05F67 /* Debug */ = {
			isa = XCBuildConfiguration;
			buildSettings = {
				ASSETCATALOG_COMPILER_APPICON_NAME = AppIcon;
				CODE_SIGN_STYLE = Automatic;
				DEVELOPMENT_TEAM = XRUZX72PMD;
				INFOPLIST_FILE = Notes/Info.plist;
				LD_RUNPATH_SEARCH_PATHS = (
					"$(inherited)",
					"@executable_path/Frameworks",
				);
				PRODUCT_BUNDLE_IDENTIFIER = PinguDemo.Notes;
				PRODUCT_NAME = "$(TARGET_NAME)";
				SWIFT_VERSION = 4.0;
				TARGETED_DEVICE_FAMILY = 1;
			};
			name = Debug;
		};
		70935AD32073866A00C05F67 /* Release */ = {
			isa = XCBuildConfiguration;
			buildSettings = {
				ASSETCATALOG_COMPILER_APPICON_NAME = AppIcon;
				CODE_SIGN_STYLE = Automatic;
				DEVELOPMENT_TEAM = XRUZX72PMD;
				INFOPLIST_FILE = Notes/Info.plist;
				LD_RUNPATH_SEARCH_PATHS = (
					"$(inherited)",
					"@executable_path/Frameworks",
				);
				PRODUCT_BUNDLE_IDENTIFIER = PinguDemo.Notes;
				PRODUCT_NAME = "$(TARGET_NAME)";
				SWIFT_VERSION = 4.0;
				TARGETED_DEVICE_FAMILY = 1;
			};
			name = Release;
		};
/* End XCBuildConfiguration section */

/* Begin XCConfigurationList section */
		70935ABA2073866800C05F67 /* Build configuration list for PBXProject "Notes" */ = {
			isa = XCConfigurationList;
			buildConfigurations = (
				70935ACF2073866A00C05F67 /* Debug */,
				70935AD02073866A00C05F67 /* Release */,
			);
			defaultConfigurationIsVisible = 0;
			defaultConfigurationName = Release;
		};
		70935AD12073866A00C05F67 /* Build configuration list for PBXNativeTarget "Notes" */ = {
			isa = XCConfigurationList;
			buildConfigurations = (
				70935AD22073866A00C05F67 /* Debug */,
				70935AD32073866A00C05F67 /* Release */,
			);
			defaultConfigurationIsVisible = 0;
			defaultConfigurationName = Release;
		};
/* End XCConfigurationList section */

/* Begin XCVersionGroup section */
		7032945320747B0A003E9F6A /* Notes.xcdatamodeld */ = {
			isa = XCVersionGroup;
			children = (
				70B68709207DF4A60086B15B /* Notes 2.xcdatamodel */,
				7032945420747B0A003E9F6A /* Notes.xcdatamodel */,
			);
			currentVersion = 70B68709207DF4A60086B15B /* Notes 2.xcdatamodel */;
			path = Notes.xcdatamodeld;
			sourceTree = "<group>";
			versionGroupType = wrapper.xcdatamodel;
		};
/* End XCVersionGroup section */
	};
	rootObject = 70935AB72073866800C05F67 /* Project object */;
}
